
Microsoft Visual Studio Solution File, Format Version 12.00
# Visual Studio Version 16
VisualStudioVersion = 16.0.31105.61
MinimumVisualStudioVersion = 10.0.40219.1
Project("{9A19103F-16F7-4668-BE54-9A1E7A4F7556}") = "Entities", "Entities\Entities.csproj", "{E05DD8AA-16F3-4269-8CC0-F9BAA94E667F}"
EndProject
Project("{9A19103F-16F7-4668-BE54-9A1E7A4F7556}") = "Core", "Core\Core.csproj", "{5D13CFA7-5D77-4F58-BCF4-93CF78BD7A42}"
EndProject
Project("{9A19103F-16F7-4668-BE54-9A1E7A4F7556}") = "DataAccess", "DataAccess\DataAccess.csproj", "{D390E5EA-75E7-4FAC-882F-B9323D484A2C}"
EndProject
Project("{FAE04EC0-301F-11D3-BF4B-00C04F79EFBC}") = "Business", "Business\Business.csproj", "{14920518-46DC-44AD-9838-D71447DE65C8}"
EndProject
Project("{FAE04EC0-301F-11D3-BF4B-00C04F79EFBC}") = "ConsoleUI", "ConsoleUI\ConsoleUI.csproj", "{BB619CA8-6EBA-46C1-A3A4-428FF1894E4A}"
EndProject
Project("{FAE04EC0-301F-11D3-BF4B-00C04F79EFBC}") = "WebAPI", "WebAPI\WebAPI.csproj", "{359821A7-AABC-4223-A7FD-E3C4D2370403}"
EndProject
Global
	GlobalSection(SolutionConfigurationPlatforms) = preSolution
		Debug|Any CPU = Debug|Any CPU
		Release|Any CPU = Release|Any CPU
	EndGlobalSection
	GlobalSection(ProjectConfigurationPlatforms) = postSolution
		{E05DD8AA-16F3-4269-8CC0-F9BAA94E667F}.Debug|Any CPU.ActiveCfg = Debug|Any CPU
		{E05DD8AA-16F3-4269-8CC0-F9BAA94E667F}.Debug|Any CPU.Build.0 = Debug|Any CPU
		{E05DD8AA-16F3-4269-8CC0-F9BAA94E667F}.Release|Any CPU.ActiveCfg = Release|Any CPU
		{E05DD8AA-16F3-4269-8CC0-F9BAA94E667F}.Release|Any CPU.Build.0 = Release|Any CPU
		{5D13CFA7-5D77-4F58-BCF4-93CF78BD7A42}.Debug|Any CPU.ActiveCfg = Debug|Any CPU
		{5D13CFA7-5D77-4F58-BCF4-93CF78BD7A42}.Debug|Any CPU.Build.0 = Debug|Any CPU
		{5D13CFA7-5D77-4F58-BCF4-93CF78BD7A42}.Release|Any CPU.ActiveCfg = Release|Any CPU
		{5D13CFA7-5D77-4F58-BCF4-93CF78BD7A42}.Release|Any CPU.Build.0 = Release|Any CPU
		{D390E5EA-75E7-4FAC-882F-B9323D484A2C}.Debug|Any CPU.ActiveCfg = Debug|Any CPU
		{D390E5EA-75E7-4FAC-882F-B9323D484A2C}.Debug|Any CPU.Build.0 = Debug|Any CPU
		{D390E5EA-75E7-4FAC-882F-B9323D484A2C}.Release|Any CPU.ActiveCfg = Release|Any CPU
		{D390E5EA-75E7-4FAC-882F-B9323D484A2C}.Release|Any CPU.Build.0 = Release|Any CPU
		{14920518-46DC-44AD-9838-D71447DE65C8}.Debug|Any CPU.ActiveCfg = Debug|Any CPU
		{14920518-46DC-44AD-9838-D71447DE65C8}.Debug|Any CPU.Build.0 = Debug|Any CPU
		{14920518-46DC-44AD-9838-D71447DE65C8}.Release|Any CPU.ActiveCfg = Release|Any CPU
		{14920518-46DC-44AD-9838-D71447DE65C8}.Release|Any CPU.Build.0 = Release|Any CPU
		{BB619CA8-6EBA-46C1-A3A4-428FF1894E4A}.Debug|Any CPU.ActiveCfg = Debug|Any CPU
		{BB619CA8-6EBA-46C1-A3A4-428FF1894E4A}.Debug|Any CPU.Build.0 = Debug|Any CPU
		{BB619CA8-6EBA-46C1-A3A4-428FF1894E4A}.Release|Any CPU.ActiveCfg = Release|Any CPU
		{BB619CA8-6EBA-46C1-A3A4-428FF1894E4A}.Release|Any CPU.Build.0 = Release|Any CPU
		{359821A7-AABC-4223-A7FD-E3C4D2370403}.Debug|Any CPU.ActiveCfg = Debug|Any CPU
		{359821A7-AABC-4223-A7FD-E3C4D2370403}.Debug|Any CPU.Build.0 = Debug|Any CPU
		{359821A7-AABC-4223-A7FD-E3C4D2370403}.Release|Any CPU.ActiveCfg = Release|Any CPU
		{359821A7-AABC-4223-A7FD-E3C4D2370403}.Release|Any CPU.Build.0 = Release|Any CPU
	EndGlobalSection
	GlobalSection(SolutionProperties) = preSolution
		HideSolutionNode = FALSE
	EndGlobalSection
	GlobalSection(ExtensibilityGlobals) = postSolution
		SolutionGuid = {D34358CB-7245-4D11-94AE-D430E8315556}
	EndGlobalSection
EndGlobal
